
Microsoft Visual Studio Solution File, Format Version 12.00
# Visual Studio Version 17
VisualStudioVersion = 17.9.34728.123
MinimumVisualStudioVersion = 10.0.40219.1
Project("{FAE04EC0-301F-11D3-BF4B-00C04F79EFBC}") = "API", "API\API.csproj", "{A2317673-14A1-44F1-8D27-8AC7517612EC}"
EndProject
Global
	GlobalSection(SolutionConfigurationPlatforms) = preSolution
		Debug|Any CPU = Debug|Any CPU
		Release|Any CPU = Release|Any CPU
	EndGlobalSection
	GlobalSection(ProjectConfigurationPlatforms) = postSolution
		{A2317673-14A1-44F1-8D27-8AC7517612EC}.Debug|Any CPU.ActiveCfg = Debug|Any CPU
		{A2317673-14A1-44F1-8D27-8AC7517612EC}.Debug|Any CPU.Build.0 = Debug|Any CPU
		{A2317673-14A1-44F1-8D27-8AC7517612EC}.Release|Any CPU.ActiveCfg = Release|Any CPU
		{A2317673-14A1-44F1-8D27-8AC7517612EC}.Release|Any CPU.Build.0 = Release|Any CPU
	EndGlobalSection
	GlobalSection(SolutionProperties) = preSolution
		HideSolutionNode = FALSE
	EndGlobalSection
	GlobalSection(ExtensibilityGlobals) = postSolution
		SolutionGuid = {BF2FC735-68B3-41BF-916C-6184354BF7B5}
	EndGlobalSection
EndGlobal
